
Microsoft Visual Studio Solution File, Format Version 12.00
# Visual Studio Version 17
VisualStudioVersion = 17.4.33205.214
MinimumVisualStudioVersion = 10.0.40219.1
Project("{FAE04EC0-301F-11D3-BF4B-00C04F79EFBC}") = "ADO.NET Playground", "ADO.NET Playground\ADO.NET Playground.csproj", "{04FE4BBA-17FD-4DC3-90A5-2EF334139F0F}"
EndProject
Global
	GlobalSection(SolutionConfigurationPlatforms) = preSolution
		Debug|Any CPU = Debug|Any CPU
		Release|Any CPU = Release|Any CPU
	EndGlobalSection
	GlobalSection(ProjectConfigurationPlatforms) = postSolution
		{04FE4BBA-17FD-4DC3-90A5-2EF334139F0F}.Debug|Any CPU.ActiveCfg = Debug|Any CPU
		{04FE4BBA-17FD-4DC3-90A5-2EF334139F0F}.Debug|Any CPU.Build.0 = Debug|Any CPU
		{04FE4BBA-17FD-4DC3-90A5-2EF334139F0F}.Release|Any CPU.ActiveCfg = Release|Any CPU
		{04FE4BBA-17FD-4DC3-90A5-2EF334139F0F}.Release|Any CPU.Build.0 = Release|Any CPU
	EndGlobalSection
	GlobalSection(SolutionProperties) = preSolution
		HideSolutionNode = FALSE
	EndGlobalSection
	GlobalSection(ExtensibilityGlobals) = postSolution
		SolutionGuid = {42D6EEF5-EBE5-416E-A9FB-0C579BE16E58}
	EndGlobalSection
EndGlobal
